
Microsoft Visual Studio Solution File, Format Version 12.00
# Visual Studio 15
VisualStudioVersion = 15.0.26430.15
MinimumVisualStudioVersion = 10.0.40219.1
Project("{FAE04EC0-301F-11D3-BF4B-00C04F79EFBC}") = "ISO8583", "ISO8583\ISO8583.csproj", "{134AD885-1605-4573-AD64-5BAECF9A09D1}"
EndProject
Project("{2150E333-8FDC-42A3-9474-1A3956D46DE8}") = "Database", "Database", "{C0349AE9-62EE-45A0-B4AF-84A26E33E5E1}"
EndProject
Project("{00D1A9C2-B5F0-4AF3-8072-F6C62B433612}") = "BD_Simulador", "BD_Simulador\BD_Simulador.sqlproj", "{5E6B726B-1D5D-4411-B7D0-89B54A081B56}"
EndProject
Project("{2150E333-8FDC-42A3-9474-1A3956D46DE8}") = "Web", "Web", "{FE2A45E2-C86D-44B9-B850-5783E4F80F63}"
EndProject
Project("{FAE04EC0-301F-11D3-BF4B-00C04F79EFBC}") = "SimuladorISO8583", "SimuladorISO8583\SimuladorISO8583.csproj", "{BCABC790-E4FA-4CAF-A9EA-265359CDCEE5}"
EndProject
Project("{2150E333-8FDC-42A3-9474-1A3956D46DE8}") = "Libraries", "Libraries", "{CA2FE58F-6FAB-45C5-AD8A-5F1A162DC75A}"
EndProject
Project("{FAE04EC0-301F-11D3-BF4B-00C04F79EFBC}") = "AccesoDatos", "AccesoDatos\AccesoDatos.csproj", "{E461B99B-A964-4D4A-AFB5-C75398BC0134}"
EndProject
Project("{FAE04EC0-301F-11D3-BF4B-00C04F79EFBC}") = "Entidades", "Entidades\Entidades.csproj", "{7393E11B-E736-4355-814B-1CD20F70C74E}"
EndProject
Project("{FAE04EC0-301F-11D3-BF4B-00C04F79EFBC}") = "Negocio", "Negocio\Negocio.csproj", "{3229506D-53C5-4607-8AFC-82105D4EA867}"
EndProject
Project("{2150E333-8FDC-42A3-9474-1A3956D46DE8}") = "DLL", "DLL", "{871D90CD-53A6-43A3-BFEB-2BC65E282E6E}"
	ProjectSection(SolutionItems) = preProject
		DLL\AjaxControlToolkit.dll = DLL\AjaxControlToolkit.dll
	EndProjectSection
EndProject
Project("{FAE04EC0-301F-11D3-BF4B-00C04F79EFBC}") = "EstaSiEs", "EstaSiEs\EstaSiEs.csproj", "{B0F55AAC-51C7-42D9-B2A2-FF172758DB8C}"
EndProject
Global
	GlobalSection(SolutionConfigurationPlatforms) = preSolution
		Debug|Any CPU = Debug|Any CPU
		Release|Any CPU = Release|Any CPU
	EndGlobalSection
	GlobalSection(ProjectConfigurationPlatforms) = postSolution
		{134AD885-1605-4573-AD64-5BAECF9A09D1}.Debug|Any CPU.ActiveCfg = Debug|Any CPU
		{134AD885-1605-4573-AD64-5BAECF9A09D1}.Debug|Any CPU.Build.0 = Debug|Any CPU
		{134AD885-1605-4573-AD64-5BAECF9A09D1}.Release|Any CPU.ActiveCfg = Release|Any CPU
		{134AD885-1605-4573-AD64-5BAECF9A09D1}.Release|Any CPU.Build.0 = Release|Any CPU
		{5E6B726B-1D5D-4411-B7D0-89B54A081B56}.Debug|Any CPU.ActiveCfg = Debug|Any CPU
		{5E6B726B-1D5D-4411-B7D0-89B54A081B56}.Debug|Any CPU.Build.0 = Debug|Any CPU
		{5E6B726B-1D5D-4411-B7D0-89B54A081B56}.Debug|Any CPU.Deploy.0 = Debug|Any CPU
		{5E6B726B-1D5D-4411-B7D0-89B54A081B56}.Release|Any CPU.ActiveCfg = Release|Any CPU
		{5E6B726B-1D5D-4411-B7D0-89B54A081B56}.Release|Any CPU.Build.0 = Release|Any CPU
		{5E6B726B-1D5D-4411-B7D0-89B54A081B56}.Release|Any CPU.Deploy.0 = Release|Any CPU
		{BCABC790-E4FA-4CAF-A9EA-265359CDCEE5}.Debug|Any CPU.ActiveCfg = Debug|Any CPU
		{BCABC790-E4FA-4CAF-A9EA-265359CDCEE5}.Debug|Any CPU.Build.0 = Debug|Any CPU
		{BCABC790-E4FA-4CAF-A9EA-265359CDCEE5}.Release|Any CPU.ActiveCfg = Release|Any CPU
		{BCABC790-E4FA-4CAF-A9EA-265359CDCEE5}.Release|Any CPU.Build.0 = Release|Any CPU
		{E461B99B-A964-4D4A-AFB5-C75398BC0134}.Debug|Any CPU.ActiveCfg = Debug|Any CPU
		{E461B99B-A964-4D4A-AFB5-C75398BC0134}.Debug|Any CPU.Build.0 = Debug|Any CPU
		{E461B99B-A964-4D4A-AFB5-C75398BC0134}.Release|Any CPU.ActiveCfg = Release|Any CPU
		{E461B99B-A964-4D4A-AFB5-C75398BC0134}.Release|Any CPU.Build.0 = Release|Any CPU
		{7393E11B-E736-4355-814B-1CD20F70C74E}.Debug|Any CPU.ActiveCfg = Debug|Any CPU
		{7393E11B-E736-4355-814B-1CD20F70C74E}.Debug|Any CPU.Build.0 = Debug|Any CPU
		{7393E11B-E736-4355-814B-1CD20F70C74E}.Release|Any CPU.ActiveCfg = Release|Any CPU
		{7393E11B-E736-4355-814B-1CD20F70C74E}.Release|Any CPU.Build.0 = Release|Any CPU
		{3229506D-53C5-4607-8AFC-82105D4EA867}.Debug|Any CPU.ActiveCfg = Debug|Any CPU
		{3229506D-53C5-4607-8AFC-82105D4EA867}.Debug|Any CPU.Build.0 = Debug|Any CPU
		{3229506D-53C5-4607-8AFC-82105D4EA867}.Release|Any CPU.ActiveCfg = Release|Any CPU
		{3229506D-53C5-4607-8AFC-82105D4EA867}.Release|Any CPU.Build.0 = Release|Any CPU
		{B0F55AAC-51C7-42D9-B2A2-FF172758DB8C}.Debug|Any CPU.ActiveCfg = Debug|Any CPU
		{B0F55AAC-51C7-42D9-B2A2-FF172758DB8C}.Debug|Any CPU.Build.0 = Debug|Any CPU
		{B0F55AAC-51C7-42D9-B2A2-FF172758DB8C}.Release|Any CPU.ActiveCfg = Release|Any CPU
		{B0F55AAC-51C7-42D9-B2A2-FF172758DB8C}.Release|Any CPU.Build.0 = Release|Any CPU
	EndGlobalSection
	GlobalSection(SolutionProperties) = preSolution
		HideSolutionNode = FALSE
	EndGlobalSection
	GlobalSection(NestedProjects) = preSolution
		{134AD885-1605-4573-AD64-5BAECF9A09D1} = {CA2FE58F-6FAB-45C5-AD8A-5F1A162DC75A}
		{5E6B726B-1D5D-4411-B7D0-89B54A081B56} = {C0349AE9-62EE-45A0-B4AF-84A26E33E5E1}
		{BCABC790-E4FA-4CAF-A9EA-265359CDCEE5} = {FE2A45E2-C86D-44B9-B850-5783E4F80F63}
		{E461B99B-A964-4D4A-AFB5-C75398BC0134} = {CA2FE58F-6FAB-45C5-AD8A-5F1A162DC75A}
		{7393E11B-E736-4355-814B-1CD20F70C74E} = {CA2FE58F-6FAB-45C5-AD8A-5F1A162DC75A}
		{3229506D-53C5-4607-8AFC-82105D4EA867} = {CA2FE58F-6FAB-45C5-AD8A-5F1A162DC75A}
		{B0F55AAC-51C7-42D9-B2A2-FF172758DB8C} = {CA2FE58F-6FAB-45C5-AD8A-5F1A162DC75A}
	EndGlobalSection
EndGlobal
